
Microsoft Visual Studio Solution File, Format Version 12.00
# Visual Studio Version 16
VisualStudioVersion = 16.0.28729.10
MinimumVisualStudioVersion = 10.0.40219.1
Project("{FAE04EC0-301F-11D3-BF4B-00C04F79EFBC}") = "Videos_Folder_Length", "Videos_Folder_Length\Videos_Folder_Length.csproj", "{A171A871-4705-498D-88A1-B8A920D369A4}"
EndProject
Global
	GlobalSection(SolutionConfigurationPlatforms) = preSolution
		Debug|Any CPU = Debug|Any CPU
		Release|Any CPU = Release|Any CPU
	EndGlobalSection
	GlobalSection(ProjectConfigurationPlatforms) = postSolution
		{A171A871-4705-498D-88A1-B8A920D369A4}.Debug|Any CPU.ActiveCfg = Debug|Any CPU
		{A171A871-4705-498D-88A1-B8A920D369A4}.Debug|Any CPU.Build.0 = Debug|Any CPU
		{A171A871-4705-498D-88A1-B8A920D369A4}.Release|Any CPU.ActiveCfg = Release|Any CPU
		{A171A871-4705-498D-88A1-B8A920D369A4}.Release|Any CPU.Build.0 = Release|Any CPU
	EndGlobalSection
	GlobalSection(SolutionProperties) = preSolution
		HideSolutionNode = FALSE
	EndGlobalSection
	GlobalSection(ExtensibilityGlobals) = postSolution
		SolutionGuid = {A0F6BA3D-E567-40C1-905A-84FFE0977F7D}
	EndGlobalSection
EndGlobal
